
Microsoft Visual Studio Solution File, Format Version 12.00
# Visual Studio Version 17
VisualStudioVersion = 17.8.34309.116
MinimumVisualStudioVersion = 10.0.40219.1
Project("{8BC9CEB8-8B4A-11D0-8D11-00A0C91BC942}") = "F21_CPP", "F21_CPP\F21_CPP.vcxproj", "{7D801A4C-9C49-4ABD-8086-EEF82E66601F}"
EndProject
Project("{9A19103F-16F7-4668-BE54-9A1E7A4F7556}") = "F21_CSH", "F21_CSH\F21_CSH.csproj", "{87C08E4A-B6F4-4517-ABF0-EBE44530E173}"
EndProject
Global
	GlobalSection(SolutionConfigurationPlatforms) = preSolution
		Debug|Any CPU = Debug|Any CPU
		Debug|x64 = Debug|x64
		Debug|x86 = Debug|x86
		Release|Any CPU = Release|Any CPU
		Release|x64 = Release|x64
		Release|x86 = Release|x86
	EndGlobalSection
	GlobalSection(ProjectConfigurationPlatforms) = postSolution
		{7D801A4C-9C49-4ABD-8086-EEF82E66601F}.Debug|Any CPU.ActiveCfg = Debug|x64
		{7D801A4C-9C49-4ABD-8086-EEF82E66601F}.Debug|Any CPU.Build.0 = Debug|x64
		{7D801A4C-9C49-4ABD-8086-EEF82E66601F}.Debug|x64.ActiveCfg = Debug|x64
		{7D801A4C-9C49-4ABD-8086-EEF82E66601F}.Debug|x64.Build.0 = Debug|x64
		{7D801A4C-9C49-4ABD-8086-EEF82E66601F}.Debug|x86.ActiveCfg = Debug|Win32
		{7D801A4C-9C49-4ABD-8086-EEF82E66601F}.Debug|x86.Build.0 = Debug|Win32
		{7D801A4C-9C49-4ABD-8086-EEF82E66601F}.Release|Any CPU.ActiveCfg = Release|x64
		{7D801A4C-9C49-4ABD-8086-EEF82E66601F}.Release|Any CPU.Build.0 = Release|x64
		{7D801A4C-9C49-4ABD-8086-EEF82E66601F}.Release|x64.ActiveCfg = Release|x64
		{7D801A4C-9C49-4ABD-8086-EEF82E66601F}.Release|x64.Build.0 = Release|x64
		{7D801A4C-9C49-4ABD-8086-EEF82E66601F}.Release|x86.ActiveCfg = Release|Win32
		{7D801A4C-9C49-4ABD-8086-EEF82E66601F}.Release|x86.Build.0 = Release|Win32
		{87C08E4A-B6F4-4517-ABF0-EBE44530E173}.Debug|Any CPU.ActiveCfg = Debug|Any CPU
		{87C08E4A-B6F4-4517-ABF0-EBE44530E173}.Debug|Any CPU.Build.0 = Debug|Any CPU
		{87C08E4A-B6F4-4517-ABF0-EBE44530E173}.Debug|x64.ActiveCfg = Debug|Any CPU
		{87C08E4A-B6F4-4517-ABF0-EBE44530E173}.Debug|x64.Build.0 = Debug|Any CPU
		{87C08E4A-B6F4-4517-ABF0-EBE44530E173}.Debug|x86.ActiveCfg = Debug|Any CPU
		{87C08E4A-B6F4-4517-ABF0-EBE44530E173}.Debug|x86.Build.0 = Debug|Any CPU
		{87C08E4A-B6F4-4517-ABF0-EBE44530E173}.Release|Any CPU.ActiveCfg = Release|Any CPU
		{87C08E4A-B6F4-4517-ABF0-EBE44530E173}.Release|Any CPU.Build.0 = Release|Any CPU
		{87C08E4A-B6F4-4517-ABF0-EBE44530E173}.Release|x64.ActiveCfg = Release|Any CPU
		{87C08E4A-B6F4-4517-ABF0-EBE44530E173}.Release|x64.Build.0 = Release|Any CPU
		{87C08E4A-B6F4-4517-ABF0-EBE44530E173}.Release|x86.ActiveCfg = Release|Any CPU
		{87C08E4A-B6F4-4517-ABF0-EBE44530E173}.Release|x86.Build.0 = Release|Any CPU
	EndGlobalSection
	GlobalSection(SolutionProperties) = preSolution
		HideSolutionNode = FALSE
	EndGlobalSection
	GlobalSection(ExtensibilityGlobals) = postSolution
		SolutionGuid = {528EC3F8-604D-44E7-AE3A-FEE6F65A4693}
	EndGlobalSection
EndGlobal
