
Microsoft Visual Studio Solution File, Format Version 12.00
# Visual Studio Version 17
VisualStudioVersion = 17.4.33213.308
MinimumVisualStudioVersion = 10.0.40219.1
Project("{9A19103F-16F7-4668-BE54-9A1E7A4F7556}") = "SpaceLib", "SpaceLib\SpaceLib.csproj", "{DA8048CB-FB24-45A6-BE28-E9A0777BD69B}"
EndProject
Project("{9A19103F-16F7-4668-BE54-9A1E7A4F7556}") = "Console", "Console\Console.csproj", "{146A28F3-9B00-4C01-9A6E-2E3AE5D5C878}"
EndProject
Project("{9A19103F-16F7-4668-BE54-9A1E7A4F7556}") = "WindowsForms", "WindowsForms\WindowsForms.csproj", "{4FF12143-F373-4BA1-9DE0-29174576F9F9}"
EndProject
Project("{9A19103F-16F7-4668-BE54-9A1E7A4F7556}") = "WPF", "WPF\WPF.csproj", "{18B0AB4F-F67B-4312-BECE-E48C3AEBB761}"
EndProject
Project("{FAE04EC0-301F-11D3-BF4B-00C04F79EFBC}") = "MAUI", "MAUI\MAUI.csproj", "{4F744FDF-A78A-4AD3-B2B5-7FE9DECFB696}"
EndProject
Global
	GlobalSection(SolutionConfigurationPlatforms) = preSolution
		Debug|Any CPU = Debug|Any CPU
		Release|Any CPU = Release|Any CPU
	EndGlobalSection
	GlobalSection(ProjectConfigurationPlatforms) = postSolution
		{DA8048CB-FB24-45A6-BE28-E9A0777BD69B}.Debug|Any CPU.ActiveCfg = Debug|Any CPU
		{DA8048CB-FB24-45A6-BE28-E9A0777BD69B}.Debug|Any CPU.Build.0 = Debug|Any CPU
		{DA8048CB-FB24-45A6-BE28-E9A0777BD69B}.Release|Any CPU.ActiveCfg = Release|Any CPU
		{DA8048CB-FB24-45A6-BE28-E9A0777BD69B}.Release|Any CPU.Build.0 = Release|Any CPU
		{146A28F3-9B00-4C01-9A6E-2E3AE5D5C878}.Debug|Any CPU.ActiveCfg = Debug|Any CPU
		{146A28F3-9B00-4C01-9A6E-2E3AE5D5C878}.Debug|Any CPU.Build.0 = Debug|Any CPU
		{146A28F3-9B00-4C01-9A6E-2E3AE5D5C878}.Release|Any CPU.ActiveCfg = Release|Any CPU
		{146A28F3-9B00-4C01-9A6E-2E3AE5D5C878}.Release|Any CPU.Build.0 = Release|Any CPU
		{4FF12143-F373-4BA1-9DE0-29174576F9F9}.Debug|Any CPU.ActiveCfg = Debug|Any CPU
		{4FF12143-F373-4BA1-9DE0-29174576F9F9}.Debug|Any CPU.Build.0 = Debug|Any CPU
		{4FF12143-F373-4BA1-9DE0-29174576F9F9}.Release|Any CPU.ActiveCfg = Release|Any CPU
		{4FF12143-F373-4BA1-9DE0-29174576F9F9}.Release|Any CPU.Build.0 = Release|Any CPU
		{18B0AB4F-F67B-4312-BECE-E48C3AEBB761}.Debug|Any CPU.ActiveCfg = Debug|Any CPU
		{18B0AB4F-F67B-4312-BECE-E48C3AEBB761}.Debug|Any CPU.Build.0 = Debug|Any CPU
		{18B0AB4F-F67B-4312-BECE-E48C3AEBB761}.Release|Any CPU.ActiveCfg = Release|Any CPU
		{18B0AB4F-F67B-4312-BECE-E48C3AEBB761}.Release|Any CPU.Build.0 = Release|Any CPU
		{4F744FDF-A78A-4AD3-B2B5-7FE9DECFB696}.Debug|Any CPU.ActiveCfg = Debug|Any CPU
		{4F744FDF-A78A-4AD3-B2B5-7FE9DECFB696}.Debug|Any CPU.Build.0 = Debug|Any CPU
		{4F744FDF-A78A-4AD3-B2B5-7FE9DECFB696}.Debug|Any CPU.Deploy.0 = Debug|Any CPU
		{4F744FDF-A78A-4AD3-B2B5-7FE9DECFB696}.Release|Any CPU.ActiveCfg = Release|Any CPU
		{4F744FDF-A78A-4AD3-B2B5-7FE9DECFB696}.Release|Any CPU.Build.0 = Release|Any CPU
		{4F744FDF-A78A-4AD3-B2B5-7FE9DECFB696}.Release|Any CPU.Deploy.0 = Release|Any CPU
	EndGlobalSection
	GlobalSection(SolutionProperties) = preSolution
		HideSolutionNode = FALSE
	EndGlobalSection
	GlobalSection(ExtensibilityGlobals) = postSolution
		SolutionGuid = {1C2896EC-80D0-4E38-8963-95CE2D21A9A6}
	EndGlobalSection
EndGlobal
