
Microsoft Visual Studio Solution File, Format Version 12.00
Project("{FAE04EC0-301F-11D3-BF4B-00C04F79EFBC}") = "SpaceSimLib", "SpaceSimLib\SpaceSimLib.csproj", "{A3DBBC7B-5D4F-4F09-930D-21937D19F9DC}"
EndProject
Project("{FAE04EC0-301F-11D3-BF4B-00C04F79EFBC}") = "SpaceSimLibTest", "SpaceSimLibTest\SpaceSimLibTest.csproj", "{89C53117-22B7-4A35-8E6D-C182F86E99B6}"
EndProject
Project("{FAE04EC0-301F-11D3-BF4B-00C04F79EFBC}") = "SpaceSimGUI", "SpaceSimGUI\SpaceSimGUI.csproj", "{99819FFE-62A9-470A-9FFD-6ED26A8D3E08}"
EndProject
Global
	GlobalSection(SolutionConfigurationPlatforms) = preSolution
		Debug|Any CPU = Debug|Any CPU
		Release|Any CPU = Release|Any CPU
	EndGlobalSection
	GlobalSection(ProjectConfigurationPlatforms) = postSolution
		{A3DBBC7B-5D4F-4F09-930D-21937D19F9DC}.Debug|Any CPU.ActiveCfg = Debug|Any CPU
		{A3DBBC7B-5D4F-4F09-930D-21937D19F9DC}.Debug|Any CPU.Build.0 = Debug|Any CPU
		{A3DBBC7B-5D4F-4F09-930D-21937D19F9DC}.Release|Any CPU.ActiveCfg = Release|Any CPU
		{A3DBBC7B-5D4F-4F09-930D-21937D19F9DC}.Release|Any CPU.Build.0 = Release|Any CPU
		{89C53117-22B7-4A35-8E6D-C182F86E99B6}.Debug|Any CPU.ActiveCfg = Debug|Any CPU
		{89C53117-22B7-4A35-8E6D-C182F86E99B6}.Debug|Any CPU.Build.0 = Debug|Any CPU
		{89C53117-22B7-4A35-8E6D-C182F86E99B6}.Release|Any CPU.ActiveCfg = Release|Any CPU
		{89C53117-22B7-4A35-8E6D-C182F86E99B6}.Release|Any CPU.Build.0 = Release|Any CPU
		{99819FFE-62A9-470A-9FFD-6ED26A8D3E08}.Debug|Any CPU.ActiveCfg = Debug|Any CPU
		{99819FFE-62A9-470A-9FFD-6ED26A8D3E08}.Debug|Any CPU.Build.0 = Debug|Any CPU
		{99819FFE-62A9-470A-9FFD-6ED26A8D3E08}.Release|Any CPU.ActiveCfg = Release|Any CPU
		{99819FFE-62A9-470A-9FFD-6ED26A8D3E08}.Release|Any CPU.Build.0 = Release|Any CPU
	EndGlobalSection
EndGlobal
