
Microsoft Visual Studio Solution File, Format Version 12.00
# Visual Studio Version 17
VisualStudioVersion = 17.8.34330.188
MinimumVisualStudioVersion = 10.0.40219.1
Project("{8BC9CEB8-8B4A-11D0-8D11-00A0C91BC942}") = "Task1", "Task1\Task1.vcxproj", "{2BC9F1FA-B75B-471E-B8E4-D0932222A6AA}"
EndProject
Project("{8BC9CEB8-8B4A-11D0-8D11-00A0C91BC942}") = "Task2", "Task2\Task2.vcxproj", "{34A2ADE4-BEF3-4E86-904D-AF06F4C928AB}"
EndProject
Project("{8BC9CEB8-8B4A-11D0-8D11-00A0C91BC942}") = "Task3", "Task3\Task3.vcxproj", "{45250CE4-A20D-4B75-A544-9AAE77CE0387}"
EndProject
Project("{8BC9CEB8-8B4A-11D0-8D11-00A0C91BC942}") = "Task4", "Task4\Task4.vcxproj", "{C24F972F-D6A5-4FFE-A80B-9575D449A763}"
EndProject
Project("{8BC9CEB8-8B4A-11D0-8D11-00A0C91BC942}") = "Task5", "Task5\Task5.vcxproj", "{15AAAEEC-48AA-4C97-AD4E-1DEE98B75A03}"
EndProject
Project("{8BC9CEB8-8B4A-11D0-8D11-00A0C91BC942}") = "Task6", "Task6\Task6.vcxproj", "{2409291D-C0FD-408B-AEE5-C02762CE024F}"
EndProject
Project("{8BC9CEB8-8B4A-11D0-8D11-00A0C91BC942}") = "Task7", "Task7\Task7.vcxproj", "{3EF76B9B-8EAE-4409-A40A-9AFC42DAF92C}"
EndProject
Project("{8BC9CEB8-8B4A-11D0-8D11-00A0C91BC942}") = "Task8", "Task8\Task8.vcxproj", "{E45FE85F-E1B1-48A7-AB01-2EB279FAE62A}"
EndProject
Project("{8BC9CEB8-8B4A-11D0-8D11-00A0C91BC942}") = "Task9", "Task9\Task9.vcxproj", "{0EE0B010-AFCB-44E0-8E9C-D90A3DA07E16}"
EndProject
Project("{8BC9CEB8-8B4A-11D0-8D11-00A0C91BC942}") = "Task10", "Task10\Task10.vcxproj", "{3EA7D27C-C153-4E69-A5DD-C3F22659B0D0}"
EndProject
Global
	GlobalSection(SolutionConfigurationPlatforms) = preSolution
		Debug|Any CPU = Debug|Any CPU
		Debug|x64 = Debug|x64
		Debug|x86 = Debug|x86
		Release|Any CPU = Release|Any CPU
		Release|x64 = Release|x64
		Release|x86 = Release|x86
	EndGlobalSection
	GlobalSection(ProjectConfigurationPlatforms) = postSolution
		{2BC9F1FA-B75B-471E-B8E4-D0932222A6AA}.Debug|Any CPU.ActiveCfg = Debug|x64
		{2BC9F1FA-B75B-471E-B8E4-D0932222A6AA}.Debug|Any CPU.Build.0 = Debug|x64
		{2BC9F1FA-B75B-471E-B8E4-D0932222A6AA}.Debug|x64.ActiveCfg = Debug|x64
		{2BC9F1FA-B75B-471E-B8E4-D0932222A6AA}.Debug|x64.Build.0 = Debug|x64
		{2BC9F1FA-B75B-471E-B8E4-D0932222A6AA}.Debug|x86.ActiveCfg = Debug|Win32
		{2BC9F1FA-B75B-471E-B8E4-D0932222A6AA}.Debug|x86.Build.0 = Debug|Win32
		{2BC9F1FA-B75B-471E-B8E4-D0932222A6AA}.Release|Any CPU.ActiveCfg = Release|Win32
		{2BC9F1FA-B75B-471E-B8E4-D0932222A6AA}.Release|Any CPU.Build.0 = Release|Win32
		{2BC9F1FA-B75B-471E-B8E4-D0932222A6AA}.Release|x64.ActiveCfg = Release|x64
		{2BC9F1FA-B75B-471E-B8E4-D0932222A6AA}.Release|x64.Build.0 = Release|x64
		{2BC9F1FA-B75B-471E-B8E4-D0932222A6AA}.Release|x86.ActiveCfg = Release|Win32
		{2BC9F1FA-B75B-471E-B8E4-D0932222A6AA}.Release|x86.Build.0 = Release|Win32
		{34A2ADE4-BEF3-4E86-904D-AF06F4C928AB}.Debug|Any CPU.ActiveCfg = Debug|x64
		{34A2ADE4-BEF3-4E86-904D-AF06F4C928AB}.Debug|Any CPU.Build.0 = Debug|x64
		{34A2ADE4-BEF3-4E86-904D-AF06F4C928AB}.Debug|x64.ActiveCfg = Debug|x64
		{34A2ADE4-BEF3-4E86-904D-AF06F4C928AB}.Debug|x64.Build.0 = Debug|x64
		{34A2ADE4-BEF3-4E86-904D-AF06F4C928AB}.Debug|x86.ActiveCfg = Debug|Win32
		{34A2ADE4-BEF3-4E86-904D-AF06F4C928AB}.Debug|x86.Build.0 = Debug|Win32
		{34A2ADE4-BEF3-4E86-904D-AF06F4C928AB}.Release|Any CPU.ActiveCfg = Release|Win32
		{34A2ADE4-BEF3-4E86-904D-AF06F4C928AB}.Release|Any CPU.Build.0 = Release|Win32
		{34A2ADE4-BEF3-4E86-904D-AF06F4C928AB}.Release|x64.ActiveCfg = Release|x64
		{34A2ADE4-BEF3-4E86-904D-AF06F4C928AB}.Release|x64.Build.0 = Release|x64
		{34A2ADE4-BEF3-4E86-904D-AF06F4C928AB}.Release|x86.ActiveCfg = Release|Win32
		{34A2ADE4-BEF3-4E86-904D-AF06F4C928AB}.Release|x86.Build.0 = Release|Win32
		{45250CE4-A20D-4B75-A544-9AAE77CE0387}.Debug|Any CPU.ActiveCfg = Debug|x64
		{45250CE4-A20D-4B75-A544-9AAE77CE0387}.Debug|Any CPU.Build.0 = Debug|x64
		{45250CE4-A20D-4B75-A544-9AAE77CE0387}.Debug|x64.ActiveCfg = Debug|x64
		{45250CE4-A20D-4B75-A544-9AAE77CE0387}.Debug|x64.Build.0 = Debug|x64
		{45250CE4-A20D-4B75-A544-9AAE77CE0387}.Debug|x86.ActiveCfg = Debug|Win32
		{45250CE4-A20D-4B75-A544-9AAE77CE0387}.Debug|x86.Build.0 = Debug|Win32
		{45250CE4-A20D-4B75-A544-9AAE77CE0387}.Release|Any CPU.ActiveCfg = Release|Win32
		{45250CE4-A20D-4B75-A544-9AAE77CE0387}.Release|Any CPU.Build.0 = Release|Win32
		{45250CE4-A20D-4B75-A544-9AAE77CE0387}.Release|x64.ActiveCfg = Release|x64
		{45250CE4-A20D-4B75-A544-9AAE77CE0387}.Release|x64.Build.0 = Release|x64
		{45250CE4-A20D-4B75-A544-9AAE77CE0387}.Release|x86.ActiveCfg = Release|Win32
		{45250CE4-A20D-4B75-A544-9AAE77CE0387}.Release|x86.Build.0 = Release|Win32
		{C24F972F-D6A5-4FFE-A80B-9575D449A763}.Debug|Any CPU.ActiveCfg = Debug|x64
		{C24F972F-D6A5-4FFE-A80B-9575D449A763}.Debug|Any CPU.Build.0 = Debug|x64
		{C24F972F-D6A5-4FFE-A80B-9575D449A763}.Debug|x64.ActiveCfg = Debug|x64
		{C24F972F-D6A5-4FFE-A80B-9575D449A763}.Debug|x64.Build.0 = Debug|x64
		{C24F972F-D6A5-4FFE-A80B-9575D449A763}.Debug|x86.ActiveCfg = Debug|Win32
		{C24F972F-D6A5-4FFE-A80B-9575D449A763}.Debug|x86.Build.0 = Debug|Win32
		{C24F972F-D6A5-4FFE-A80B-9575D449A763}.Release|Any CPU.ActiveCfg = Release|Win32
		{C24F972F-D6A5-4FFE-A80B-9575D449A763}.Release|Any CPU.Build.0 = Release|Win32
		{C24F972F-D6A5-4FFE-A80B-9575D449A763}.Release|x64.ActiveCfg = Release|x64
		{C24F972F-D6A5-4FFE-A80B-9575D449A763}.Release|x64.Build.0 = Release|x64
		{C24F972F-D6A5-4FFE-A80B-9575D449A763}.Release|x86.ActiveCfg = Release|Win32
		{C24F972F-D6A5-4FFE-A80B-9575D449A763}.Release|x86.Build.0 = Release|Win32
		{15AAAEEC-48AA-4C97-AD4E-1DEE98B75A03}.Debug|Any CPU.ActiveCfg = Debug|x64
		{15AAAEEC-48AA-4C97-AD4E-1DEE98B75A03}.Debug|Any CPU.Build.0 = Debug|x64
		{15AAAEEC-48AA-4C97-AD4E-1DEE98B75A03}.Debug|x64.ActiveCfg = Debug|x64
		{15AAAEEC-48AA-4C97-AD4E-1DEE98B75A03}.Debug|x64.Build.0 = Debug|x64
		{15AAAEEC-48AA-4C97-AD4E-1DEE98B75A03}.Debug|x86.ActiveCfg = Debug|Win32
		{15AAAEEC-48AA-4C97-AD4E-1DEE98B75A03}.Debug|x86.Build.0 = Debug|Win32
		{15AAAEEC-48AA-4C97-AD4E-1DEE98B75A03}.Release|Any CPU.ActiveCfg = Release|Win32
		{15AAAEEC-48AA-4C97-AD4E-1DEE98B75A03}.Release|Any CPU.Build.0 = Release|Win32
		{15AAAEEC-48AA-4C97-AD4E-1DEE98B75A03}.Release|x64.ActiveCfg = Release|x64
		{15AAAEEC-48AA-4C97-AD4E-1DEE98B75A03}.Release|x64.Build.0 = Release|x64
		{15AAAEEC-48AA-4C97-AD4E-1DEE98B75A03}.Release|x86.ActiveCfg = Release|Win32
		{15AAAEEC-48AA-4C97-AD4E-1DEE98B75A03}.Release|x86.Build.0 = Release|Win32
		{2409291D-C0FD-408B-AEE5-C02762CE024F}.Debug|Any CPU.ActiveCfg = Debug|x64
		{2409291D-C0FD-408B-AEE5-C02762CE024F}.Debug|Any CPU.Build.0 = Debug|x64
		{2409291D-C0FD-408B-AEE5-C02762CE024F}.Debug|x64.ActiveCfg = Debug|x64
		{2409291D-C0FD-408B-AEE5-C02762CE024F}.Debug|x64.Build.0 = Debug|x64
		{2409291D-C0FD-408B-AEE5-C02762CE024F}.Debug|x86.ActiveCfg = Debug|Win32
		{2409291D-C0FD-408B-AEE5-C02762CE024F}.Debug|x86.Build.0 = Debug|Win32
		{2409291D-C0FD-408B-AEE5-C02762CE024F}.Release|Any CPU.ActiveCfg = Release|Win32
		{2409291D-C0FD-408B-AEE5-C02762CE024F}.Release|Any CPU.Build.0 = Release|Win32
		{2409291D-C0FD-408B-AEE5-C02762CE024F}.Release|x64.ActiveCfg = Release|x64
		{2409291D-C0FD-408B-AEE5-C02762CE024F}.Release|x64.Build.0 = Release|x64
		{2409291D-C0FD-408B-AEE5-C02762CE024F}.Release|x86.ActiveCfg = Release|Win32
		{2409291D-C0FD-408B-AEE5-C02762CE024F}.Release|x86.Build.0 = Release|Win32
		{3EF76B9B-8EAE-4409-A40A-9AFC42DAF92C}.Debug|Any CPU.ActiveCfg = Debug|x64
		{3EF76B9B-8EAE-4409-A40A-9AFC42DAF92C}.Debug|Any CPU.Build.0 = Debug|x64
		{3EF76B9B-8EAE-4409-A40A-9AFC42DAF92C}.Debug|x64.ActiveCfg = Debug|x64
		{3EF76B9B-8EAE-4409-A40A-9AFC42DAF92C}.Debug|x64.Build.0 = Debug|x64
		{3EF76B9B-8EAE-4409-A40A-9AFC42DAF92C}.Debug|x86.ActiveCfg = Debug|Win32
		{3EF76B9B-8EAE-4409-A40A-9AFC42DAF92C}.Debug|x86.Build.0 = Debug|Win32
		{3EF76B9B-8EAE-4409-A40A-9AFC42DAF92C}.Release|Any CPU.ActiveCfg = Release|Win32
		{3EF76B9B-8EAE-4409-A40A-9AFC42DAF92C}.Release|Any CPU.Build.0 = Release|Win32
		{3EF76B9B-8EAE-4409-A40A-9AFC42DAF92C}.Release|x64.ActiveCfg = Release|x64
		{3EF76B9B-8EAE-4409-A40A-9AFC42DAF92C}.Release|x64.Build.0 = Release|x64
		{3EF76B9B-8EAE-4409-A40A-9AFC42DAF92C}.Release|x86.ActiveCfg = Release|Win32
		{3EF76B9B-8EAE-4409-A40A-9AFC42DAF92C}.Release|x86.Build.0 = Release|Win32
		{E45FE85F-E1B1-48A7-AB01-2EB279FAE62A}.Debug|Any CPU.ActiveCfg = Debug|x64
		{E45FE85F-E1B1-48A7-AB01-2EB279FAE62A}.Debug|Any CPU.Build.0 = Debug|x64
		{E45FE85F-E1B1-48A7-AB01-2EB279FAE62A}.Debug|x64.ActiveCfg = Debug|x64
		{E45FE85F-E1B1-48A7-AB01-2EB279FAE62A}.Debug|x64.Build.0 = Debug|x64
		{E45FE85F-E1B1-48A7-AB01-2EB279FAE62A}.Debug|x86.ActiveCfg = Debug|Win32
		{E45FE85F-E1B1-48A7-AB01-2EB279FAE62A}.Debug|x86.Build.0 = Debug|Win32
		{E45FE85F-E1B1-48A7-AB01-2EB279FAE62A}.Release|Any CPU.ActiveCfg = Release|x64
		{E45FE85F-E1B1-48A7-AB01-2EB279FAE62A}.Release|Any CPU.Build.0 = Release|x64
		{E45FE85F-E1B1-48A7-AB01-2EB279FAE62A}.Release|x64.ActiveCfg = Release|x64
		{E45FE85F-E1B1-48A7-AB01-2EB279FAE62A}.Release|x64.Build.0 = Release|x64
		{E45FE85F-E1B1-48A7-AB01-2EB279FAE62A}.Release|x86.ActiveCfg = Release|Win32
		{E45FE85F-E1B1-48A7-AB01-2EB279FAE62A}.Release|x86.Build.0 = Release|Win32
		{0EE0B010-AFCB-44E0-8E9C-D90A3DA07E16}.Debug|Any CPU.ActiveCfg = Debug|x64
		{0EE0B010-AFCB-44E0-8E9C-D90A3DA07E16}.Debug|Any CPU.Build.0 = Debug|x64
		{0EE0B010-AFCB-44E0-8E9C-D90A3DA07E16}.Debug|x64.ActiveCfg = Debug|x64
		{0EE0B010-AFCB-44E0-8E9C-D90A3DA07E16}.Debug|x64.Build.0 = Debug|x64
		{0EE0B010-AFCB-44E0-8E9C-D90A3DA07E16}.Debug|x86.ActiveCfg = Debug|Win32
		{0EE0B010-AFCB-44E0-8E9C-D90A3DA07E16}.Debug|x86.Build.0 = Debug|Win32
		{0EE0B010-AFCB-44E0-8E9C-D90A3DA07E16}.Release|Any CPU.ActiveCfg = Release|x64
		{0EE0B010-AFCB-44E0-8E9C-D90A3DA07E16}.Release|Any CPU.Build.0 = Release|x64
		{0EE0B010-AFCB-44E0-8E9C-D90A3DA07E16}.Release|x64.ActiveCfg = Release|x64
		{0EE0B010-AFCB-44E0-8E9C-D90A3DA07E16}.Release|x64.Build.0 = Release|x64
		{0EE0B010-AFCB-44E0-8E9C-D90A3DA07E16}.Release|x86.ActiveCfg = Release|Win32
		{0EE0B010-AFCB-44E0-8E9C-D90A3DA07E16}.Release|x86.Build.0 = Release|Win32
		{3EA7D27C-C153-4E69-A5DD-C3F22659B0D0}.Debug|Any CPU.ActiveCfg = Debug|x64
		{3EA7D27C-C153-4E69-A5DD-C3F22659B0D0}.Debug|Any CPU.Build.0 = Debug|x64
		{3EA7D27C-C153-4E69-A5DD-C3F22659B0D0}.Debug|x64.ActiveCfg = Debug|x64
		{3EA7D27C-C153-4E69-A5DD-C3F22659B0D0}.Debug|x64.Build.0 = Debug|x64
		{3EA7D27C-C153-4E69-A5DD-C3F22659B0D0}.Debug|x86.ActiveCfg = Debug|Win32
		{3EA7D27C-C153-4E69-A5DD-C3F22659B0D0}.Debug|x86.Build.0 = Debug|Win32
		{3EA7D27C-C153-4E69-A5DD-C3F22659B0D0}.Release|Any CPU.ActiveCfg = Release|x64
		{3EA7D27C-C153-4E69-A5DD-C3F22659B0D0}.Release|Any CPU.Build.0 = Release|x64
		{3EA7D27C-C153-4E69-A5DD-C3F22659B0D0}.Release|x64.ActiveCfg = Release|x64
		{3EA7D27C-C153-4E69-A5DD-C3F22659B0D0}.Release|x64.Build.0 = Release|x64
		{3EA7D27C-C153-4E69-A5DD-C3F22659B0D0}.Release|x86.ActiveCfg = Release|Win32
		{3EA7D27C-C153-4E69-A5DD-C3F22659B0D0}.Release|x86.Build.0 = Release|Win32
	EndGlobalSection
	GlobalSection(SolutionProperties) = preSolution
		HideSolutionNode = FALSE
	EndGlobalSection
	GlobalSection(ExtensibilityGlobals) = postSolution
		SolutionGuid = {98F3996D-E173-499C-B3AC-5AC2B02C137C}
	EndGlobalSection
EndGlobal
