
Microsoft Visual Studio Solution File, Format Version 12.00
Project("{8BC9CEB8-8B4A-11D0-8D11-00A0C91BC942}") = "Task1", "Task1\Task1.vcxproj", "{2BC9F1FA-B75B-471E-B8E4-D0932222A6AA}"
EndProject
Project("{8BC9CEB8-8B4A-11D0-8D11-00A0C91BC942}") = "Task2", "Task2\Task2.vcxproj", "{34A2ADE4-BEF3-4E86-904D-AF06F4C928AB}"
EndProject
Project("{8BC9CEB8-8B4A-11D0-8D11-00A0C91BC942}") = "Task3", "Task3\Task3.vcxproj", "{45250CE4-A20D-4B75-A544-9AAE77CE0387}"
EndProject
Project("{8BC9CEB8-8B4A-11D0-8D11-00A0C91BC942}") = "Task4", "Task4\Task4.vcxproj", "{C24F972F-D6A5-4FFE-A80B-9575D449A763}"
EndProject
Project("{8BC9CEB8-8B4A-11D0-8D11-00A0C91BC942}") = "Task5", "Task5\Task5.vcxproj", "{15AAAEEC-48AA-4C97-AD4E-1DEE98B75A03}"
EndProject
Project("{8BC9CEB8-8B4A-11D0-8D11-00A0C91BC942}") = "Task6", "Task6\Task6.vcxproj", "{2409291D-C0FD-408B-AEE5-C02762CE024F}"
EndProject
Global
	GlobalSection(SolutionConfigurationPlatforms) = preSolution
		Debug|Any CPU = Debug|Any CPU
		Release|Any CPU = Release|Any CPU
	EndGlobalSection
	GlobalSection(ProjectConfigurationPlatforms) = postSolution
		{2BC9F1FA-B75B-471E-B8E4-D0932222A6AA}.Debug|Any CPU.ActiveCfg = Debug|Win32
		{2BC9F1FA-B75B-471E-B8E4-D0932222A6AA}.Debug|Any CPU.Build.0 = Debug|Win32
		{2BC9F1FA-B75B-471E-B8E4-D0932222A6AA}.Release|Any CPU.ActiveCfg = Release|Win32
		{2BC9F1FA-B75B-471E-B8E4-D0932222A6AA}.Release|Any CPU.Build.0 = Release|Win32
		{34A2ADE4-BEF3-4E86-904D-AF06F4C928AB}.Debug|Any CPU.ActiveCfg = Debug|Win32
		{34A2ADE4-BEF3-4E86-904D-AF06F4C928AB}.Debug|Any CPU.Build.0 = Debug|Win32
		{34A2ADE4-BEF3-4E86-904D-AF06F4C928AB}.Release|Any CPU.ActiveCfg = Release|Win32
		{34A2ADE4-BEF3-4E86-904D-AF06F4C928AB}.Release|Any CPU.Build.0 = Release|Win32
		{45250CE4-A20D-4B75-A544-9AAE77CE0387}.Debug|Any CPU.ActiveCfg = Debug|Win32
		{45250CE4-A20D-4B75-A544-9AAE77CE0387}.Debug|Any CPU.Build.0 = Debug|Win32
		{45250CE4-A20D-4B75-A544-9AAE77CE0387}.Release|Any CPU.ActiveCfg = Release|Win32
		{45250CE4-A20D-4B75-A544-9AAE77CE0387}.Release|Any CPU.Build.0 = Release|Win32
		{C24F972F-D6A5-4FFE-A80B-9575D449A763}.Debug|Any CPU.ActiveCfg = Debug|Win32
		{C24F972F-D6A5-4FFE-A80B-9575D449A763}.Debug|Any CPU.Build.0 = Debug|Win32
		{C24F972F-D6A5-4FFE-A80B-9575D449A763}.Release|Any CPU.ActiveCfg = Release|Win32
		{C24F972F-D6A5-4FFE-A80B-9575D449A763}.Release|Any CPU.Build.0 = Release|Win32
		{15AAAEEC-48AA-4C97-AD4E-1DEE98B75A03}.Debug|Any CPU.ActiveCfg = Debug|Win32
		{15AAAEEC-48AA-4C97-AD4E-1DEE98B75A03}.Debug|Any CPU.Build.0 = Debug|Win32
		{15AAAEEC-48AA-4C97-AD4E-1DEE98B75A03}.Release|Any CPU.ActiveCfg = Release|Win32
		{15AAAEEC-48AA-4C97-AD4E-1DEE98B75A03}.Release|Any CPU.Build.0 = Release|Win32
		{2409291D-C0FD-408B-AEE5-C02762CE024F}.Debug|Any CPU.ActiveCfg = Debug|Win32
		{2409291D-C0FD-408B-AEE5-C02762CE024F}.Debug|Any CPU.Build.0 = Debug|Win32
		{2409291D-C0FD-408B-AEE5-C02762CE024F}.Release|Any CPU.ActiveCfg = Release|Win32
		{2409291D-C0FD-408B-AEE5-C02762CE024F}.Release|Any CPU.Build.0 = Release|Win32
	EndGlobalSection
EndGlobal
