
Microsoft Visual Studio Solution File, Format Version 12.00
# Visual Studio Version 17
VisualStudioVersion = 17.8.34309.116
MinimumVisualStudioVersion = 10.0.40219.1
Project("{9A19103F-16F7-4668-BE54-9A1E7A4F7556}") = "F19_CSH", "F19_CSH\F19_CSH.csproj", "{135BD0B9-5392-4A64-A063-9441FB4F48A0}"
EndProject
Project("{6EC3EE1D-3C4E-46DD-8F32-0CC8E7565705}") = "F19_FSH", "F19_FSH\F19_FSH.fsproj", "{29561174-C546-435C-95C5-F52A10C21923}"
EndProject
Global
	GlobalSection(SolutionConfigurationPlatforms) = preSolution
		Debug|Any CPU = Debug|Any CPU
		Release|Any CPU = Release|Any CPU
	EndGlobalSection
	GlobalSection(ProjectConfigurationPlatforms) = postSolution
		{135BD0B9-5392-4A64-A063-9441FB4F48A0}.Debug|Any CPU.ActiveCfg = Debug|Any CPU
		{135BD0B9-5392-4A64-A063-9441FB4F48A0}.Debug|Any CPU.Build.0 = Debug|Any CPU
		{135BD0B9-5392-4A64-A063-9441FB4F48A0}.Release|Any CPU.ActiveCfg = Release|Any CPU
		{135BD0B9-5392-4A64-A063-9441FB4F48A0}.Release|Any CPU.Build.0 = Release|Any CPU
		{29561174-C546-435C-95C5-F52A10C21923}.Debug|Any CPU.ActiveCfg = Debug|Any CPU
		{29561174-C546-435C-95C5-F52A10C21923}.Debug|Any CPU.Build.0 = Debug|Any CPU
		{29561174-C546-435C-95C5-F52A10C21923}.Release|Any CPU.ActiveCfg = Release|Any CPU
		{29561174-C546-435C-95C5-F52A10C21923}.Release|Any CPU.Build.0 = Release|Any CPU
	EndGlobalSection
	GlobalSection(SolutionProperties) = preSolution
		HideSolutionNode = FALSE
	EndGlobalSection
	GlobalSection(ExtensibilityGlobals) = postSolution
		SolutionGuid = {528EC3F8-604D-44E7-AE3A-FEE6F65A4693}
	EndGlobalSection
EndGlobal
