
Microsoft Visual Studio Solution File, Format Version 12.00
# Visual Studio Version 17
VisualStudioVersion = 17.9.34622.214
MinimumVisualStudioVersion = 10.0.40219.1
Project("{9A19103F-16F7-4668-BE54-9A1E7A4F7556}") = "1 - Composition Vs Inheritance", "CompositionVsInheritance\1 - Composition Vs Inheritance.csproj", "{1A0DBB35-1266-4A4C-9328-B578C63A4644}"
EndProject
Project("{FAE04EC0-301F-11D3-BF4B-00C04F79EFBC}") = "2 - Coupling", "Coupling\2 - Coupling.csproj", "{5D6E43DD-5FC2-4E2B-A7A1-3B1649D9AC5A}"
EndProject
Global
	GlobalSection(SolutionConfigurationPlatforms) = preSolution
		Debug|Any CPU = Debug|Any CPU
		Release|Any CPU = Release|Any CPU
	EndGlobalSection
	GlobalSection(ProjectConfigurationPlatforms) = postSolution
		{1A0DBB35-1266-4A4C-9328-B578C63A4644}.Debug|Any CPU.ActiveCfg = Debug|Any CPU
		{1A0DBB35-1266-4A4C-9328-B578C63A4644}.Debug|Any CPU.Build.0 = Debug|Any CPU
		{1A0DBB35-1266-4A4C-9328-B578C63A4644}.Release|Any CPU.ActiveCfg = Release|Any CPU
		{1A0DBB35-1266-4A4C-9328-B578C63A4644}.Release|Any CPU.Build.0 = Release|Any CPU
		{5D6E43DD-5FC2-4E2B-A7A1-3B1649D9AC5A}.Debug|Any CPU.ActiveCfg = Debug|Any CPU
		{5D6E43DD-5FC2-4E2B-A7A1-3B1649D9AC5A}.Debug|Any CPU.Build.0 = Debug|Any CPU
		{5D6E43DD-5FC2-4E2B-A7A1-3B1649D9AC5A}.Release|Any CPU.ActiveCfg = Release|Any CPU
		{5D6E43DD-5FC2-4E2B-A7A1-3B1649D9AC5A}.Release|Any CPU.Build.0 = Release|Any CPU
	EndGlobalSection
	GlobalSection(SolutionProperties) = preSolution
		HideSolutionNode = FALSE
	EndGlobalSection
	GlobalSection(ExtensibilityGlobals) = postSolution
		SolutionGuid = {BC827BE1-EBA7-4180-9BA2-12E521CDE94A}
	EndGlobalSection
EndGlobal
